# THIS IS AN AUTOGENERATED FILE. DO NOT EDIT THIS FILE DIRECTLY.
# yarn lockfile v1


jquery-datetimepicker@^2.5.20:
  version "2.5.20"
  resolved "https://registry.yarnpkg.com/jquery-datetimepicker/-/jquery-datetimepicker-2.5.20.tgz#687d6204b90b03dc93f725f8df036e1d061f37ac"
  dependencies:
    jquery ">= 1.7.2"
    jquery-mousewheel ">= 3.1.13"
    php-date-formatter "^1.3.4"

"jquery-mousewheel@>= 3.1.13":
  version "3.1.13"
  resolved "https://registry.yarnpkg.com/jquery-mousewheel/-/jquery-mousewheel-3.1.13.tgz#06f0335f16e353a695e7206bf50503cb523a6ee5"

"jquery@>= 1.7.2":
  version "3.3.1"
  resolved "https://registry.yarnpkg.com/jquery/-/jquery-3.3.1.tgz#958ce29e81c9790f31be7792df5d4d95fc57fbca"

php-date-formatter@^1.3.4:
  version "1.3.4"
  resolved "https://registry.yarnpkg.com/php-date-formatter/-/php-date-formatter-1.3.4.tgz#09a15ae0766ba0beb1900c27c1ec319ef2e4563e"
